// !$*UTF8*$!
{
	archiveVersion = 1;
	classes = {
	};
	objectVersion = 50;
	objects = {

/* Begin PBXBuildFile section */
		65279EA120FF21260051BEBB /* VDBrokenLineView.m in Sources */ = {isa = PBXBuildFile; fileRef = 65279EA020FF21260051BEBB /* VDBrokenLineView.m */; };
		65C18E7120FDE4CE006FAFC1 /* AppDelegate.m in Sources */ = {isa = PBXBuildFile; fileRef = 65C18E7020FDE4CE006FAFC1 /* AppDelegate.m */; };
		65C18E7420FDE4CE006FAFC1 /* ViewController.m in Sources */ = {isa = PBXBuildFile; fileRef = 65C18E7320FDE4CE006FAFC1 /* ViewController.m */; };
		65C18E7720FDE4CE006FAFC1 /* Main.storyboard in Resources */ = {isa = PBXBuildFile; fileRef = 65C18E7520FDE4CE006FAFC1 /* Main.storyboard */; };
		65C18E7920FDE4D0006FAFC1 /* Assets.xcassets in Resources */ = {isa = PBXBuildFile; fileRef = 65C18E7820FDE4D0006FAFC1 /* Assets.xcassets */; };
		65C18E7C20FDE4D0006FAFC1 /* LaunchScreen.storyboard in Resources */ = {isa = PBXBuildFile; fileRef = 65C18E7A20FDE4D0006FAFC1 /* LaunchScreen.storyboard */; };
		65C18E7F20FDE4D0006FAFC1 /* main.m in Sources */ = {isa = PBXBuildFile; fileRef = 65C18E7E20FDE4D0006FAFC1 /* main.m */; };
		65C18E8920FDE4D0006FAFC1 /* VisualizeDataTests.m in Sources */ = {isa = PBXBuildFile; fileRef = 65C18E8820FDE4D0006FAFC1 /* VisualizeDataTests.m */; };
		65C18E9420FDE4D0006FAFC1 /* VisualizeDataUITests.m in Sources */ = {isa = PBXBuildFile; fileRef = 65C18E9320FDE4D0006FAFC1 /* VisualizeDataUITests.m */; };
		65C18EBA20FDE5C6006FAFC1 /* TrigonometricFunctionsPoint.m in Sources */ = {isa = PBXBuildFile; fileRef = 65C18EAB20FDE5C5006FAFC1 /* TrigonometricFunctionsPoint.m */; };
		65C18EBB20FDE5C6006FAFC1 /* DataArea.m in Sources */ = {isa = PBXBuildFile; fileRef = 65C18EAC20FDE5C5006FAFC1 /* DataArea.m */; };
		65C18EBC20FDE5C6006FAFC1 /* GreenData.m in Sources */ = {isa = PBXBuildFile; fileRef = 65C18EAF20FDE5C5006FAFC1 /* GreenData.m */; };
		65C18EBD20FDE5C6006FAFC1 /* VisualizeDataView.m in Sources */ = {isa = PBXBuildFile; fileRef = 65C18EB020FDE5C5006FAFC1 /* VisualizeDataView.m */; };
		65C18EBE20FDE5C6006FAFC1 /* DataView.m in Sources */ = {isa = PBXBuildFile; fileRef = 65C18EB120FDE5C5006FAFC1 /* DataView.m */; };
		65C18EBF20FDE5C6006FAFC1 /* BrokenLineView.m in Sources */ = {isa = PBXBuildFile; fileRef = 65C18EB520FDE5C5006FAFC1 /* BrokenLineView.m */; };
		65C18EC020FDE5C6006FAFC1 /* rectargularView.m in Sources */ = {isa = PBXBuildFile; fileRef = 65C18EB820FDE5C5006FAFC1 /* rectargularView.m */; };
/* End PBXBuildFile section */

/* Begin PBXContainerItemProxy section */
		65C18E8520FDE4D0006FAFC1 /* PBXContainerItemProxy */ = {
			isa = PBXContainerItemProxy;
			containerPortal = 65C18E6420FDE4CE006FAFC1 /* Project object */;
			proxyType = 1;
			remoteGlobalIDString = 65C18E6B20FDE4CE006FAFC1;
			remoteInfo = VisualizeData;
		};
		65C18E9020FDE4D0006FAFC1 /* PBXContainerItemProxy */ = {
			isa = PBXContainerItemProxy;
			containerPortal = 65C18E6420FDE4CE006FAFC1 /* Project object */;
			proxyType = 1;
			remoteGlobalIDString = 65C18E6B20FDE4CE006FAFC1;
			remoteInfo = VisualizeData;
		};
/* End PBXContainerItemProxy section */

/* Begin PBXFileReference section */
		65279E9F20FF21260051BEBB /* VDBrokenLineView.h */ = {isa = PBXFileReference; lastKnownFileType = sourcecode.c.h; path = VDBrokenLineView.h; sourceTree = "<group>"; };
		65279EA020FF21260051BEBB /* VDBrokenLineView.m */ = {isa = PBXFileReference; lastKnownFileType = sourcecode.c.objc; path = VDBrokenLineView.m; sourceTree = "<group>"; };
		65C18E6C20FDE4CE006FAFC1 /* VisualizeData.app */ = {isa = PBXFileReference; explicitFileType = wrapper.application; includeInIndex = 0; path = VisualizeData.app; sourceTree = BUILT_PRODUCTS_DIR; };
		65C18E6F20FDE4CE006FAFC1 /* AppDelegate.h */ = {isa = PBXFileReference; lastKnownFileType = sourcecode.c.h; path = AppDelegate.h; sourceTree = "<group>"; };
		65C18E7020FDE4CE006FAFC1 /* AppDelegate.m */ = {isa = PBXFileReference; lastKnownFileType = sourcecode.c.objc; path = AppDelegate.m; sourceTree = "<group>"; };
		65C18E7220FDE4CE006FAFC1 /* ViewController.h */ = {isa = PBXFileReference; lastKnownFileType = sourcecode.c.h; path = ViewController.h; sourceTree = "<group>"; };
		65C18E7320FDE4CE006FAFC1 /* ViewController.m */ = {isa = PBXFileReference; lastKnownFileType = sourcecode.c.objc; path = ViewController.m; sourceTree = "<group>"; };
		65C18E7620FDE4CE006FAFC1 /* Base */ = {isa = PBXFileReference; lastKnownFileType = file.storyboard; name = Base; path = Base.lproj/Main.storyboard; sourceTree = "<group>"; };
		65C18E7820FDE4D0006FAFC1 /* Assets.xcassets */ = {isa = PBXFileReference; lastKnownFileType = folder.assetcatalog; path = Assets.xcassets; sourceTree = "<group>"; };
		65C18E7B20FDE4D0006FAFC1 /* Base */ = {isa = PBXFileReference; lastKnownFileType = file.storyboard; name = Base; path = Base.lproj/LaunchScreen.storyboard; sourceTree = "<group>"; };
		65C18E7D20FDE4D0006FAFC1 /* Info.plist */ = {isa = PBXFileReference; lastKnownFileType = text.plist.xml; path = Info.plist; sourceTree = "<group>"; };
		65C18E7E20FDE4D0006FAFC1 /* main.m */ = {isa = PBXFileReference; lastKnownFileType = sourcecode.c.objc; path = main.m; sourceTree = "<group>"; };
		65C18E8420FDE4D0006FAFC1 /* VisualizeDataTests.xctest */ = {isa = PBXFileReference; explicitFileType = wrapper.cfbundle; includeInIndex = 0; path = VisualizeDataTests.xctest; sourceTree = BUILT_PRODUCTS_DIR; };
		65C18E8820FDE4D0006FAFC1 /* VisualizeDataTests.m */ = {isa = PBXFileReference; lastKnownFileType = sourcecode.c.objc; path = VisualizeDataTests.m; sourceTree = "<group>"; };
		65C18E8A20FDE4D0006FAFC1 /* Info.plist */ = {isa = PBXFileReference; lastKnownFileType = text.plist.xml; path = Info.plist; sourceTree = "<group>"; };
		65C18E8F20FDE4D0006FAFC1 /* VisualizeDataUITests.xctest */ = {isa = PBXFileReference; explicitFileType = wrapper.cfbundle; includeInIndex = 0; path = VisualizeDataUITests.xctest; sourceTree = BUILT_PRODUCTS_DIR; };
		65C18E9320FDE4D0006FAFC1 /* VisualizeDataUITests.m */ = {isa = PBXFileReference; lastKnownFileType = sourcecode.c.objc; path = VisualizeDataUITests.m; sourceTree = "<group>"; };
		65C18E9520FDE4D0006FAFC1 /* Info.plist */ = {isa = PBXFileReference; lastKnownFileType = text.plist.xml; path = Info.plist; sourceTree = "<group>"; };
		65C18EAA20FDE5C5006FAFC1 /* DataArea.h */ = {isa = PBXFileReference; fileEncoding = 4; lastKnownFileType = sourcecode.c.h; path = DataArea.h; sourceTree = "<group>"; };
		65C18EAB20FDE5C5006FAFC1 /* TrigonometricFunctionsPoint.m */ = {isa = PBXFileReference; fileEncoding = 4; lastKnownFileType = sourcecode.c.objc; path = TrigonometricFunctionsPoint.m; sourceTree = "<group>"; };
		65C18EAC20FDE5C5006FAFC1 /* DataArea.m */ = {isa = PBXFileReference; fileEncoding = 4; lastKnownFileType = sourcecode.c.objc; path = DataArea.m; sourceTree = "<group>"; };
		65C18EAD20FDE5C5006FAFC1 /* TrigonometricFunctionsPoint.h */ = {isa = PBXFileReference; fileEncoding = 4; lastKnownFileType = sourcecode.c.h; path = TrigonometricFunctionsPoint.h; sourceTree = "<group>"; };
		65C18EAE20FDE5C5006FAFC1 /* DataView.h */ = {isa = PBXFileReference; fileEncoding = 4; lastKnownFileType = sourcecode.c.h; path = DataView.h; sourceTree = "<group>"; };
		65C18EAF20FDE5C5006FAFC1 /* GreenData.m */ = {isa = PBXFileReference; fileEncoding = 4; lastKnownFileType = sourcecode.c.objc; path = GreenData.m; sourceTree = "<group>"; };
		65C18EB020FDE5C5006FAFC1 /* VisualizeDataView.m */ = {isa = PBXFileReference; fileEncoding = 4; lastKnownFileType = sourcecode.c.objc; path = VisualizeDataView.m; sourceTree = "<group>"; };
		65C18EB120FDE5C5006FAFC1 /* DataView.m */ = {isa = PBXFileReference; fileEncoding = 4; lastKnownFileType = sourcecode.c.objc; path = DataView.m; sourceTree = "<group>"; };
		65C18EB220FDE5C5006FAFC1 /* GreenData.h */ = {isa = PBXFileReference; fileEncoding = 4; lastKnownFileType = sourcecode.c.h; path = GreenData.h; sourceTree = "<group>"; };
		65C18EB320FDE5C5006FAFC1 /* VisualizeDataView.h */ = {isa = PBXFileReference; fileEncoding = 4; lastKnownFileType = sourcecode.c.h; path = VisualizeDataView.h; sourceTree = "<group>"; };
		65C18EB520FDE5C5006FAFC1 /* BrokenLineView.m */ = {isa = PBXFileReference; fileEncoding = 4; lastKnownFileType = sourcecode.c.objc; path = BrokenLineView.m; sourceTree = "<group>"; };
		65C18EB620FDE5C5006FAFC1 /* BrokenLineView.h */ = {isa = PBXFileReference; fileEncoding = 4; lastKnownFileType = sourcecode.c.h; path = BrokenLineView.h; sourceTree = "<group>"; };
		65C18EB820FDE5C5006FAFC1 /* rectargularView.m */ = {isa = PBXFileReference; fileEncoding = 4; lastKnownFileType = sourcecode.c.objc; path = rectargularView.m; sourceTree = "<group>"; };
		65C18EB920FDE5C5006FAFC1 /* rectargularView.h */ = {isa = PBXFileReference; fileEncoding = 4; lastKnownFileType = sourcecode.c.h; path = rectargularView.h; sourceTree = "<group>"; };
/* End PBXFileReference section */

/* Begin PBXFrameworksBuildPhase section */
		65C18E6920FDE4CE006FAFC1 /* Frameworks */ = {
			isa = PBXFrameworksBuildPhase;
			buildActionMask = 2147483647;
			files = (
			);
			runOnlyForDeploymentPostprocessing = 0;
		};
		65C18E8120FDE4D0006FAFC1 /* Frameworks */ = {
			isa = PBXFrameworksBuildPhase;
			buildActionMask = 2147483647;
			files = (
			);
			runOnlyForDeploymentPostprocessing = 0;
		};
		65C18E8C20FDE4D0006FAFC1 /* Frameworks */ = {
			isa = PBXFrameworksBuildPhase;
			buildActionMask = 2147483647;
			files = (
			);
			runOnlyForDeploymentPostprocessing = 0;
		};
/* End PBXFrameworksBuildPhase section */

/* Begin PBXGroup section */
		65279E9E20FF20DF0051BEBB /* VisualizeData_New */ = {
			isa = PBXGroup;
			children = (
				65279EA220FF212A0051BEBB /* BrokenLine */,
			);
			path = VisualizeData_New;
			sourceTree = "<group>";
		};
		65279EA220FF212A0051BEBB /* BrokenLine */ = {
			isa = PBXGroup;
			children = (
				65279E9F20FF21260051BEBB /* VDBrokenLineView.h */,
				65279EA020FF21260051BEBB /* VDBrokenLineView.m */,
			);
			path = BrokenLine;
			sourceTree = "<group>";
		};
		65C18E6320FDE4CE006FAFC1 = {
			isa = PBXGroup;
			children = (
				65C18E6E20FDE4CE006FAFC1 /* VisualizeData */,
				65C18E8720FDE4D0006FAFC1 /* VisualizeDataTests */,
				65C18E9220FDE4D0006FAFC1 /* VisualizeDataUITests */,
				65C18E6D20FDE4CE006FAFC1 /* Products */,
			);
			sourceTree = "<group>";
		};
		65C18E6D20FDE4CE006FAFC1 /* Products */ = {
			isa = PBXGroup;
			children = (
				65C18E6C20FDE4CE006FAFC1 /* VisualizeData.app */,
				65C18E8420FDE4D0006FAFC1 /* VisualizeDataTests.xctest */,
				65C18E8F20FDE4D0006FAFC1 /* VisualizeDataUITests.xctest */,
			);
			name = Products;
			sourceTree = "<group>";
		};
		65C18E6E20FDE4CE006FAFC1 /* VisualizeData */ = {
			isa = PBXGroup;
			children = (
				65279E9E20FF20DF0051BEBB /* VisualizeData_New */,
				65C18EA720FDE5C5006FAFC1 /* VisualizeData */,
				65C18E6F20FDE4CE006FAFC1 /* AppDelegate.h */,
				65C18E7020FDE4CE006FAFC1 /* AppDelegate.m */,
				65C18E7220FDE4CE006FAFC1 /* ViewController.h */,
				65C18E7320FDE4CE006FAFC1 /* ViewController.m */,
				65C18E7520FDE4CE006FAFC1 /* Main.storyboard */,
				65C18E7820FDE4D0006FAFC1 /* Assets.xcassets */,
				65C18E7A20FDE4D0006FAFC1 /* LaunchScreen.storyboard */,
				65C18E7D20FDE4D0006FAFC1 /* Info.plist */,
				65C18E7E20FDE4D0006FAFC1 /* main.m */,
			);
			path = VisualizeData;
			sourceTree = "<group>";
		};
		65C18E8720FDE4D0006FAFC1 /* VisualizeDataTests */ = {
			isa = PBXGroup;
			children = (
				65C18E8820FDE4D0006FAFC1 /* VisualizeDataTests.m */,
				65C18E8A20FDE4D0006FAFC1 /* Info.plist */,
			);
			path = VisualizeDataTests;
			sourceTree = "<group>";
		};
		65C18E9220FDE4D0006FAFC1 /* VisualizeDataUITests */ = {
			isa = PBXGroup;
			children = (
				65C18E9320FDE4D0006FAFC1 /* VisualizeDataUITests.m */,
				65C18E9520FDE4D0006FAFC1 /* Info.plist */,
			);
			path = VisualizeDataUITests;
			sourceTree = "<group>";
		};
		65C18EA720FDE5C5006FAFC1 /* VisualizeData */ = {
			isa = PBXGroup;
			children = (
				65C18EA820FDE5C5006FAFC1 /* Pentagon */,
				65C18EB420FDE5C5006FAFC1 /* BrokenLine */,
				65C18EB720FDE5C5006FAFC1 /* Rectargular */,
			);
			path = VisualizeData;
			sourceTree = "<group>";
		};
		65C18EA820FDE5C5006FAFC1 /* Pentagon */ = {
			isa = PBXGroup;
			children = (
				65C18EA920FDE5C5006FAFC1 /* PentagonModel */,
				65C18EAE20FDE5C5006FAFC1 /* DataView.h */,
				65C18EAF20FDE5C5006FAFC1 /* GreenData.m */,
				65C18EB020FDE5C5006FAFC1 /* VisualizeDataView.m */,
				65C18EB120FDE5C5006FAFC1 /* DataView.m */,
				65C18EB220FDE5C5006FAFC1 /* GreenData.h */,
				65C18EB320FDE5C5006FAFC1 /* VisualizeDataView.h */,
			);
			path = Pentagon;
			sourceTree = "<group>";
		};
		65C18EA920FDE5C5006FAFC1 /* PentagonModel */ = {
			isa = PBXGroup;
			children = (
				65C18EAA20FDE5C5006FAFC1 /* DataArea.h */,
				65C18EAB20FDE5C5006FAFC1 /* TrigonometricFunctionsPoint.m */,
				65C18EAC20FDE5C5006FAFC1 /* DataArea.m */,
				65C18EAD20FDE5C5006FAFC1 /* TrigonometricFunctionsPoint.h */,
			);
			path = PentagonModel;
			sourceTree = "<group>";
		};
		65C18EB420FDE5C5006FAFC1 /* BrokenLine */ = {
			isa = PBXGroup;
			children = (
				65C18EB520FDE5C5006FAFC1 /* BrokenLineView.m */,
				65C18EB620FDE5C5006FAFC1 /* BrokenLineView.h */,
			);
			path = BrokenLine;
			sourceTree = "<group>";
		};
		65C18EB720FDE5C5006FAFC1 /* Rectargular */ = {
			isa = PBXGroup;
			children = (
				65C18EB820FDE5C5006FAFC1 /* rectargularView.m */,
				65C18EB920FDE5C5006FAFC1 /* rectargularView.h */,
			);
			path = Rectargular;
			sourceTree = "<group>";
		};
/* End PBXGroup section */

/* Begin PBXNativeTarget section */
		65C18E6B20FDE4CE006FAFC1 /* VisualizeData */ = {
			isa = PBXNativeTarget;
			buildConfigurationList = 65C18E9820FDE4D0006FAFC1 /* Build configuration list for PBXNativeTarget "VisualizeData" */;
			buildPhases = (
				65C18E6820FDE4CE006FAFC1 /* Sources */,
				65C18E6920FDE4CE006FAFC1 /* Frameworks */,
				65C18E6A20FDE4CE006FAFC1 /* Resources */,
			);
			buildRules = (
			);
			dependencies = (
			);
			name = VisualizeData;
			productName = VisualizeData;
			productReference = 65C18E6C20FDE4CE006FAFC1 /* VisualizeData.app */;
			productType = "com.apple.product-type.application";
		};
		65C18E8320FDE4D0006FAFC1 /* VisualizeDataTests */ = {
			isa = PBXNativeTarget;
			buildConfigurationList = 65C18E9B20FDE4D0006FAFC1 /* Build configuration list for PBXNativeTarget "VisualizeDataTests" */;
			buildPhases = (
				65C18E8020FDE4D0006FAFC1 /* Sources */,
				65C18E8120FDE4D0006FAFC1 /* Frameworks */,
				65C18E8220FDE4D0006FAFC1 /* Resources */,
			);
			buildRules = (
			);
			dependencies = (
				65C18E8620FDE4D0006FAFC1 /* PBXTargetDependency */,
			);
			name = VisualizeDataTests;
			productName = VisualizeDataTests;
			productReference = 65C18E8420FDE4D0006FAFC1 /* VisualizeDataTests.xctest */;
			productType = "com.apple.product-type.bundle.unit-test";
		};
		65C18E8E20FDE4D0006FAFC1 /* VisualizeDataUITests */ = {
			isa = PBXNativeTarget;
			buildConfigurationList = 65C18E9E20FDE4D0006FAFC1 /* Build configuration list for PBXNativeTarget "VisualizeDataUITests" */;
			buildPhases = (
				65C18E8B20FDE4D0006FAFC1 /* Sources */,
				65C18E8C20FDE4D0006FAFC1 /* Frameworks */,
				65C18E8D20FDE4D0006FAFC1 /* Resources */,
			);
			buildRules = (
			);
			dependencies = (
				65C18E9120FDE4D0006FAFC1 /* PBXTargetDependency */,
			);
			name = VisualizeDataUITests;
			productName = VisualizeDataUITests;
			productReference = 65C18E8F20FDE4D0006FAFC1 /* VisualizeDataUITests.xctest */;
			productType = "com.apple.product-type.bundle.ui-testing";
		};
/* End PBXNativeTarget section */

/* Begin PBXProject section */
		65C18E6420FDE4CE006FAFC1 /* Project object */ = {
			isa = PBXProject;
			attributes = {
				LastUpgradeCheck = 0930;
				ORGANIZATIONNAME = "何鹏";
				TargetAttributes = {
					65C18E6B20FDE4CE006FAFC1 = {
						CreatedOnToolsVersion = 9.3.1;
					};
					65C18E8320FDE4D0006FAFC1 = {
						CreatedOnToolsVersion = 9.3.1;
						TestTargetID = 65C18E6B20FDE4CE006FAFC1;
					};
					65C18E8E20FDE4D0006FAFC1 = {
						CreatedOnToolsVersion = 9.3.1;
						TestTargetID = 65C18E6B20FDE4CE006FAFC1;
					};
				};
			};
			buildConfigurationList = 65C18E6720FDE4CE006FAFC1 /* Build configuration list for PBXProject "VisualizeData" */;
			compatibilityVersion = "Xcode 9.3";
			developmentRegion = en;
			hasScannedForEncodings = 0;
			knownRegions = (
				en,
				Base,
			);
			mainGroup = 65C18E6320FDE4CE006FAFC1;
			productRefGroup = 65C18E6D20FDE4CE006FAFC1 /* Products */;
			projectDirPath = "";
			projectRoot = "";
			targets = (
				65C18E6B20FDE4CE006FAFC1 /* VisualizeData */,
				65C18E8320FDE4D0006FAFC1 /* VisualizeDataTests */,
				65C18E8E20FDE4D0006FAFC1 /* VisualizeDataUITests */,
			);
		};
/* End PBXProject section */

/* Begin PBXResourcesBuildPhase section */
		65C18E6A20FDE4CE006FAFC1 /* Resources */ = {
			isa = PBXResourcesBuildPhase;
			buildActionMask = 2147483647;
			files = (
				65C18E7C20FDE4D0006FAFC1 /* LaunchScreen.storyboard in Resources */,
				65C18E7920FDE4D0006FAFC1 /* Assets.xcassets in Resources */,
				65C18E7720FDE4CE006FAFC1 /* Main.storyboard in Resources */,
			);
			runOnlyForDeploymentPostprocessing = 0;
		};
		65C18E8220FDE4D0006FAFC1 /* Resources */ = {
			isa = PBXResourcesBuildPhase;
			buildActionMask = 2147483647;
			files = (
			);
			runOnlyForDeploymentPostprocessing = 0;
		};
		65C18E8D20FDE4D0006FAFC1 /* Resources */ = {
			isa = PBXResourcesBuildPhase;
			buildActionMask = 2147483647;
			files = (
			);
			runOnlyForDeploymentPostprocessing = 0;
		};
/* End PBXResourcesBuildPhase section */

/* Begin PBXSourcesBuildPhase section */
		65C18E6820FDE4CE006FAFC1 /* Sources */ = {
			isa = PBXSourcesBuildPhase;
			buildActionMask = 2147483647;
			files = (
				65C18E7420FDE4CE006FAFC1 /* ViewController.m in Sources */,
				65C18EBF20FDE5C6006FAFC1 /* BrokenLineView.m in Sources */,
				65279EA120FF21260051BEBB /* VDBrokenLineView.m in Sources */,
				65C18EBD20FDE5C6006FAFC1 /* VisualizeDataView.m in Sources */,
				65C18EC020FDE5C6006FAFC1 /* rectargularView.m in Sources */,
				65C18EBE20FDE5C6006FAFC1 /* DataView.m in Sources */,
				65C18EBB20FDE5C6006FAFC1 /* DataArea.m in Sources */,
				65C18EBA20FDE5C6006FAFC1 /* TrigonometricFunctionsPoint.m in Sources */,
				65C18E7F20FDE4D0006FAFC1 /* main.m in Sources */,
				65C18E7120FDE4CE006FAFC1 /* AppDelegate.m in Sources */,
				65C18EBC20FDE5C6006FAFC1 /* GreenData.m in Sources */,
			);
			runOnlyForDeploymentPostprocessing = 0;
		};
		65C18E8020FDE4D0006FAFC1 /* Sources */ = {
			isa = PBXSourcesBuildPhase;
			buildActionMask = 2147483647;
			files = (
				65C18E8920FDE4D0006FAFC1 /* VisualizeDataTests.m in Sources */,
			);
			runOnlyForDeploymentPostprocessing = 0;
		};
		65C18E8B20FDE4D0006FAFC1 /* Sources */ = {
			isa = PBXSourcesBuildPhase;
			buildActionMask = 2147483647;
			files = (
				65C18E9420FDE4D0006FAFC1 /* VisualizeDataUITests.m in Sources */,
			);
			runOnlyForDeploymentPostprocessing = 0;
		};
/* End PBXSourcesBuildPhase section */

/* Begin PBXTargetDependency section */
		65C18E8620FDE4D0006FAFC1 /* PBXTargetDependency */ = {
			isa = PBXTargetDependency;
			target = 65C18E6B20FDE4CE006FAFC1 /* VisualizeData */;
			targetProxy = 65C18E8520FDE4D0006FAFC1 /* PBXContainerItemProxy */;
		};
		65C18E9120FDE4D0006FAFC1 /* PBXTargetDependency */ = {
			isa = PBXTargetDependency;
			target = 65C18E6B20FDE4CE006FAFC1 /* VisualizeData */;
			targetProxy = 65C18E9020FDE4D0006FAFC1 /* PBXContainerItemProxy */;
		};
/* End PBXTargetDependency section */

/* Begin PBXVariantGroup section */
		65C18E7520FDE4CE006FAFC1 /* Main.storyboard */ = {
			isa = PBXVariantGroup;
			children = (
				65C18E7620FDE4CE006FAFC1 /* Base */,
			);
			name = Main.storyboard;
			sourceTree = "<group>";
		};
		65C18E7A20FDE4D0006FAFC1 /* LaunchScreen.storyboard */ = {
			isa = PBXVariantGroup;
			children = (
				65C18E7B20FDE4D0006FAFC1 /* Base */,
			);
			name = LaunchScreen.storyboard;
			sourceTree = "<group>";
		};
/* End PBXVariantGroup section */

/* Begin XCBuildConfiguration section */
		65C18E9620FDE4D0006FAFC1 /* Debug */ = {
			isa = XCBuildConfiguration;
			buildSettings = {
				ALWAYS_SEARCH_USER_PATHS = NO;
				CLANG_ANALYZER_NONNULL = YES;
				CLANG_ANALYZER_NUMBER_OBJECT_CONVERSION = YES_AGGRESSIVE;
				CLANG_CXX_LANGUAGE_STANDARD = "gnu++14";
				CLANG_CXX_LIBRARY = "libc++";
				CLANG_ENABLE_MODULES = YES;
				CLANG_ENABLE_OBJC_ARC = YES;
				CLANG_ENABLE_OBJC_WEAK = YES;
				CLANG_WARN_BLOCK_CAPTURE_AUTORELEASING = YES;
				CLANG_WARN_BOOL_CONVERSION = YES;
				CLANG_WARN_COMMA = YES;
				CLANG_WARN_CONSTANT_CONVERSION = YES;
				CLANG_WARN_DEPRECATED_OBJC_IMPLEMENTATIONS = YES;
				CLANG_WARN_DIRECT_OBJC_ISA_USAGE = YES_ERROR;
				CLANG_WARN_DOCUMENTATION_COMMENTS = YES;
				CLANG_WARN_EMPTY_BODY = YES;
				CLANG_WARN_ENUM_CONVERSION = YES;
				CLANG_WARN_INFINITE_RECURSION = YES;
				CLANG_WARN_INT_CONVERSION = YES;
				CLANG_WARN_NON_LITERAL_NULL_CONVERSION = YES;
				CLANG_WARN_OBJC_IMPLICIT_RETAIN_SELF = YES;
				CLANG_WARN_OBJC_LITERAL_CONVERSION = YES;
				CLANG_WARN_OBJC_ROOT_CLASS = YES_ERROR;
				CLANG_WARN_RANGE_LOOP_ANALYSIS = YES;
				CLANG_WARN_STRICT_PROTOTYPES = YES;
				CLANG_WARN_SUSPICIOUS_MOVE = YES;
				CLANG_WARN_UNGUARDED_AVAILABILITY = YES_AGGRESSIVE;
				CLANG_WARN_UNREACHABLE_CODE = YES;
				CLANG_WARN__DUPLICATE_METHOD_MATCH = YES;
				CODE_SIGN_IDENTITY = "iPhone Developer";
				COPY_PHASE_STRIP = NO;
				DEBUG_INFORMATION_FORMAT = dwarf;
				ENABLE_STRICT_OBJC_MSGSEND = YES;
				ENABLE_TESTABILITY = YES;
				GCC_C_LANGUAGE_STANDARD = gnu11;
				GCC_DYNAMIC_NO_PIC = NO;
				GCC_NO_COMMON_BLOCKS = YES;
				GCC_OPTIMIZATION_LEVEL = 0;
				GCC_PREPROCESSOR_DEFINITIONS = (
					"DEBUG=1",
					"$(inherited)",
				);
				GCC_WARN_64_TO_32_BIT_CONVERSION = YES;
				GCC_WARN_ABOUT_RETURN_TYPE = YES_ERROR;
				GCC_WARN_UNDECLARED_SELECTOR = YES;
				GCC_WARN_UNINITIALIZED_AUTOS = YES_AGGRESSIVE;
				GCC_WARN_UNUSED_FUNCTION = YES;
				GCC_WARN_UNUSED_VARIABLE = YES;
				IPHONEOS_DEPLOYMENT_TARGET = 11.3;
				MTL_ENABLE_DEBUG_INFO = YES;
				ONLY_ACTIVE_ARCH = YES;
				SDKROOT = iphoneos;
			};
			name = Debug;
		};
		65C18E9720FDE4D0006FAFC1 /* Release */ = {
			isa = XCBuildConfiguration;
			buildSettings = {
				ALWAYS_SEARCH_USER_PATHS = NO;
				CLANG_ANALYZER_NONNULL = YES;
				CLANG_ANALYZER_NUMBER_OBJECT_CONVERSION = YES_AGGRESSIVE;
				CLANG_CXX_LANGUAGE_STANDARD = "gnu++14";
				CLANG_CXX_LIBRARY = "libc++";
				CLANG_ENABLE_MODULES = YES;
				CLANG_ENABLE_OBJC_ARC = YES;
				CLANG_ENABLE_OBJC_WEAK = YES;
				CLANG_WARN_BLOCK_CAPTURE_AUTORELEASING = YES;
				CLANG_WARN_BOOL_CONVERSION = YES;
				CLANG_WARN_COMMA = YES;
				CLANG_WARN_CONSTANT_CONVERSION = YES;
				CLANG_WARN_DEPRECATED_OBJC_IMPLEMENTATIONS = YES;
				CLANG_WARN_DIRECT_OBJC_ISA_USAGE = YES_ERROR;
				CLANG_WARN_DOCUMENTATION_COMMENTS = YES;
				CLANG_WARN_EMPTY_BODY = YES;
				CLANG_WARN_ENUM_CONVERSION = YES;
				CLANG_WARN_INFINITE_RECURSION = YES;
				CLANG_WARN_INT_CONVERSION = YES;
				CLANG_WARN_NON_LITERAL_NULL_CONVERSION = YES;
				CLANG_WARN_OBJC_IMPLICIT_RETAIN_SELF = YES;
				CLANG_WARN_OBJC_LITERAL_CONVERSION = YES;
				CLANG_WARN_OBJC_ROOT_CLASS = YES_ERROR;
				CLANG_WARN_RANGE_LOOP_ANALYSIS = YES;
				CLANG_WARN_STRICT_PROTOTYPES = YES;
				CLANG_WARN_SUSPICIOUS_MOVE = YES;
				CLANG_WARN_UNGUARDED_AVAILABILITY = YES_AGGRESSIVE;
				CLANG_WARN_UNREACHABLE_CODE = YES;
				CLANG_WARN__DUPLICATE_METHOD_MATCH = YES;
				CODE_SIGN_IDENTITY = "iPhone Developer";
				COPY_PHASE_STRIP = NO;
				DEBUG_INFORMATION_FORMAT = "dwarf-with-dsym";
				ENABLE_NS_ASSERTIONS = NO;
				ENABLE_STRICT_OBJC_MSGSEND = YES;
				GCC_C_LANGUAGE_STANDARD = gnu11;
				GCC_NO_COMMON_BLOCKS = YES;
				GCC_WARN_64_TO_32_BIT_CONVERSION = YES;
				GCC_WARN_ABOUT_RETURN_TYPE = YES_ERROR;
				GCC_WARN_UNDECLARED_SELECTOR = YES;
				GCC_WARN_UNINITIALIZED_AUTOS = YES_AGGRESSIVE;
				GCC_WARN_UNUSED_FUNCTION = YES;
				GCC_WARN_UNUSED_VARIABLE = YES;
				IPHONEOS_DEPLOYMENT_TARGET = 11.3;
				MTL_ENABLE_DEBUG_INFO = NO;
				SDKROOT = iphoneos;
				VALIDATE_PRODUCT = YES;
			};
			name = Release;
		};
		65C18E9920FDE4D0006FAFC1 /* Debug */ = {
			isa = XCBuildConfiguration;
			buildSettings = {
				ASSETCATALOG_COMPILER_APPICON_NAME = AppIcon;
				CODE_SIGN_STYLE = Automatic;
				DEVELOPMENT_TEAM = P35S4B7K46;
				INFOPLIST_FILE = VisualizeData/Info.plist;
				LD_RUNPATH_SEARCH_PATHS = (
					"$(inherited)",
					"@executable_path/Frameworks",
				);
				PRODUCT_BUNDLE_IDENTIFIER = hepeng.VisualizeData;
				PRODUCT_NAME = "$(TARGET_NAME)";
				TARGETED_DEVICE_FAMILY = "1,2";
			};
			name = Debug;
		};
		65C18E9A20FDE4D0006FAFC1 /* Release */ = {
			isa = XCBuildConfiguration;
			buildSettings = {
				ASSETCATALOG_COMPILER_APPICON_NAME = AppIcon;
				CODE_SIGN_STYLE = Automatic;
				DEVELOPMENT_TEAM = P35S4B7K46;
				INFOPLIST_FILE = VisualizeData/Info.plist;
				LD_RUNPATH_SEARCH_PATHS = (
					"$(inherited)",
					"@executable_path/Frameworks",
				);
				PRODUCT_BUNDLE_IDENTIFIER = hepeng.VisualizeData;
				PRODUCT_NAME = "$(TARGET_NAME)";
				TARGETED_DEVICE_FAMILY = "1,2";
			};
			name = Release;
		};
		65C18E9C20FDE4D0006FAFC1 /* Debug */ = {
			isa = XCBuildConfiguration;
			buildSettings = {
				BUNDLE_LOADER = "$(TEST_HOST)";
				CODE_SIGN_STYLE = Automatic;
				DEVELOPMENT_TEAM = P35S4B7K46;
				INFOPLIST_FILE = VisualizeDataTests/Info.plist;
				LD_RUNPATH_SEARCH_PATHS = (
					"$(inherited)",
					"@executable_path/Frameworks",
					"@loader_path/Frameworks",
				);
				PRODUCT_BUNDLE_IDENTIFIER = hepeng.VisualizeDataTests;
				PRODUCT_NAME = "$(TARGET_NAME)";
				TARGETED_DEVICE_FAMILY = "1,2";
				TEST_HOST = "$(BUILT_PRODUCTS_DIR)/VisualizeData.app/VisualizeData";
			};
			name = Debug;
		};
		65C18E9D20FDE4D0006FAFC1 /* Release */ = {
			isa = XCBuildConfiguration;
			buildSettings = {
				BUNDLE_LOADER = "$(TEST_HOST)";
				CODE_SIGN_STYLE = Automatic;
				DEVELOPMENT_TEAM = P35S4B7K46;
				INFOPLIST_FILE = VisualizeDataTests/Info.plist;
				LD_RUNPATH_SEARCH_PATHS = (
					"$(inherited)",
					"@executable_path/Frameworks",
					"@loader_path/Frameworks",
				);
				PRODUCT_BUNDLE_IDENTIFIER = hepeng.VisualizeDataTests;
				PRODUCT_NAME = "$(TARGET_NAME)";
				TARGETED_DEVICE_FAMILY = "1,2";
				TEST_HOST = "$(BUILT_PRODUCTS_DIR)/VisualizeData.app/VisualizeData";
			};
			name = Release;
		};
		65C18E9F20FDE4D0006FAFC1 /* Debug */ = {
			isa = XCBuildConfiguration;
			buildSettings = {
				CODE_SIGN_STYLE = Automatic;
				DEVELOPMENT_TEAM = P35S4B7K46;
				INFOPLIST_FILE = VisualizeDataUITests/Info.plist;
				LD_RUNPATH_SEARCH_PATHS = (
					"$(inherited)",
					"@executable_path/Frameworks",
					"@loader_path/Frameworks",
				);
				PRODUCT_BUNDLE_IDENTIFIER = hepeng.VisualizeDataUITests;
				PRODUCT_NAME = "$(TARGET_NAME)";
				TARGETED_DEVICE_FAMILY = "1,2";
				TEST_TARGET_NAME = VisualizeData;
			};
			name = Debug;
		};
		65C18EA020FDE4D0006FAFC1 /* Release */ = {
			isa = XCBuildConfiguration;
			buildSettings = {
				CODE_SIGN_STYLE = Automatic;
				DEVELOPMENT_TEAM = P35S4B7K46;
				INFOPLIST_FILE = VisualizeDataUITests/Info.plist;
				LD_RUNPATH_SEARCH_PATHS = (
					"$(inherited)",
					"@executable_path/Frameworks",
					"@loader_path/Frameworks",
				);
				PRODUCT_BUNDLE_IDENTIFIER = hepeng.VisualizeDataUITests;
				PRODUCT_NAME = "$(TARGET_NAME)";
				TARGETED_DEVICE_FAMILY = "1,2";
				TEST_TARGET_NAME = VisualizeData;
			};
			name = Release;
		};
/* End XCBuildConfiguration section */

/* Begin XCConfigurationList section */
		65C18E6720FDE4CE006FAFC1 /* Build configuration list for PBXProject "VisualizeData" */ = {
			isa = XCConfigurationList;
			buildConfigurations = (
				65C18E9620FDE4D0006FAFC1 /* Debug */,
				65C18E9720FDE4D0006FAFC1 /* Release */,
			);
			defaultConfigurationIsVisible = 0;
			defaultConfigurationName = Release;
		};
		65C18E9820FDE4D0006FAFC1 /* Build configuration list for PBXNativeTarget "VisualizeData" */ = {
			isa = XCConfigurationList;
			buildConfigurations = (
				65C18E9920FDE4D0006FAFC1 /* Debug */,
				65C18E9A20FDE4D0006FAFC1 /* Release */,
			);
			defaultConfigurationIsVisible = 0;
			defaultConfigurationName = Release;
		};
		65C18E9B20FDE4D0006FAFC1 /* Build configuration list for PBXNativeTarget "VisualizeDataTests" */ = {
			isa = XCConfigurationList;
			buildConfigurations = (
				65C18E9C20FDE4D0006FAFC1 /* Debug */,
				65C18E9D20FDE4D0006FAFC1 /* Release */,
			);
			defaultConfigurationIsVisible = 0;
			defaultConfigurationName = Release;
		};
		65C18E9E20FDE4D0006FAFC1 /* Build configuration list for PBXNativeTarget "VisualizeDataUITests" */ = {
			isa = XCConfigurationList;
			buildConfigurations = (
				65C18E9F20FDE4D0006FAFC1 /* Debug */,
				65C18EA020FDE4D0006FAFC1 /* Release */,
			);
			defaultConfigurationIsVisible = 0;
			defaultConfigurationName = Release;
		};
/* End XCConfigurationList section */
	};
	rootObject = 65C18E6420FDE4CE006FAFC1 /* Project object */;
}
