// !$*UTF8*$!
{
	archiveVersion = 1;
	classes = {
	};
	objectVersion = 46;
	objects = {

/* Begin PBXBuildFile section */
		0F1FD3B41CA530340054D83E /* main.m in Sources */ = {isa = PBXBuildFile; fileRef = 0F1FD3B31CA530340054D83E /* main.m */; };
		0F1FD3B71CA530340054D83E /* AppDelegate.m in Sources */ = {isa = PBXBuildFile; fileRef = 0F1FD3B61CA530340054D83E /* AppDelegate.m */; };
		0F1FD3BA1CA530340054D83E /* ViewController.m in Sources */ = {isa = PBXBuildFile; fileRef = 0F1FD3B91CA530340054D83E /* ViewController.m */; };
		0F1FD3BD1CA530340054D83E /* Main.storyboard in Resources */ = {isa = PBXBuildFile; fileRef = 0F1FD3BB1CA530340054D83E /* Main.storyboard */; };
		0F1FD3BF1CA530350054D83E /* Assets.xcassets in Resources */ = {isa = PBXBuildFile; fileRef = 0F1FD3BE1CA530350054D83E /* Assets.xcassets */; };
		0F1FD3C21CA530350054D83E /* LaunchScreen.storyboard in Resources */ = {isa = PBXBuildFile; fileRef = 0F1FD3C01CA530350054D83E /* LaunchScreen.storyboard */; };
		0F1FD3CD1CA530350054D83E /* VisualizeDataTests.m in Sources */ = {isa = PBXBuildFile; fileRef = 0F1FD3CC1CA530350054D83E /* VisualizeDataTests.m */; };
		0F1FD3D81CA530350054D83E /* VisualizeDataUITests.m in Sources */ = {isa = PBXBuildFile; fileRef = 0F1FD3D71CA530350054D83E /* VisualizeDataUITests.m */; };
		0F1FD3E71CA530710054D83E /* DataView.m in Sources */ = {isa = PBXBuildFile; fileRef = 0F1FD3E61CA530710054D83E /* DataView.m */; };
		0F1FD3EA1CA53DEC0054D83E /* VisualizeDataView.m in Sources */ = {isa = PBXBuildFile; fileRef = 0F1FD3E91CA53DEC0054D83E /* VisualizeDataView.m */; };
		0F1FD3F11CA53E740054D83E /* TrigonometricFunctionsPoint.m in Sources */ = {isa = PBXBuildFile; fileRef = 0F1FD3F01CA53E740054D83E /* TrigonometricFunctionsPoint.m */; };
		6547C2611CA7902C008F2CAC /* rectargularView.m in Sources */ = {isa = PBXBuildFile; fileRef = 6547C2601CA7902C008F2CAC /* rectargularView.m */; };
		6547C2661CA7D6D0008F2CAC /* BrokenLineView.m in Sources */ = {isa = PBXBuildFile; fileRef = 6547C2651CA7D6D0008F2CAC /* BrokenLineView.m */; };
		65568BF51CA68465000E9F0D /* DataArea.m in Sources */ = {isa = PBXBuildFile; fileRef = 65568BF41CA68465000E9F0D /* DataArea.m */; };
		65568BFB1CA68EC9000E9F0D /* GreenData.m in Sources */ = {isa = PBXBuildFile; fileRef = 65568BFA1CA68EC9000E9F0D /* GreenData.m */; };
/* End PBXBuildFile section */

/* Begin PBXContainerItemProxy section */
		0F1FD3C91CA530350054D83E /* PBXContainerItemProxy */ = {
			isa = PBXContainerItemProxy;
			containerPortal = 0F1FD3A71CA530340054D83E /* Project object */;
			proxyType = 1;
			remoteGlobalIDString = 0F1FD3AE1CA530340054D83E;
			remoteInfo = VisualizeData;
		};
		0F1FD3D41CA530350054D83E /* PBXContainerItemProxy */ = {
			isa = PBXContainerItemProxy;
			containerPortal = 0F1FD3A71CA530340054D83E /* Project object */;
			proxyType = 1;
			remoteGlobalIDString = 0F1FD3AE1CA530340054D83E;
			remoteInfo = VisualizeData;
		};
/* End PBXContainerItemProxy section */

/* Begin PBXFileReference section */
		0F1FD3AF1CA530340054D83E /* VisualizeData.app */ = {isa = PBXFileReference; explicitFileType = wrapper.application; includeInIndex = 0; path = VisualizeData.app; sourceTree = BUILT_PRODUCTS_DIR; };
		0F1FD3B31CA530340054D83E /* main.m */ = {isa = PBXFileReference; lastKnownFileType = sourcecode.c.objc; path = main.m; sourceTree = "<group>"; };
		0F1FD3B51CA530340054D83E /* AppDelegate.h */ = {isa = PBXFileReference; lastKnownFileType = sourcecode.c.h; path = AppDelegate.h; sourceTree = "<group>"; };
		0F1FD3B61CA530340054D83E /* AppDelegate.m */ = {isa = PBXFileReference; lastKnownFileType = sourcecode.c.objc; path = AppDelegate.m; sourceTree = "<group>"; };
		0F1FD3B81CA530340054D83E /* ViewController.h */ = {isa = PBXFileReference; lastKnownFileType = sourcecode.c.h; path = ViewController.h; sourceTree = "<group>"; };
		0F1FD3B91CA530340054D83E /* ViewController.m */ = {isa = PBXFileReference; lastKnownFileType = sourcecode.c.objc; path = ViewController.m; sourceTree = "<group>"; };
		0F1FD3BC1CA530340054D83E /* Base */ = {isa = PBXFileReference; lastKnownFileType = file.storyboard; name = Base; path = Base.lproj/Main.storyboard; sourceTree = "<group>"; };
		0F1FD3BE1CA530350054D83E /* Assets.xcassets */ = {isa = PBXFileReference; lastKnownFileType = folder.assetcatalog; path = Assets.xcassets; sourceTree = "<group>"; };
		0F1FD3C11CA530350054D83E /* Base */ = {isa = PBXFileReference; lastKnownFileType = file.storyboard; name = Base; path = Base.lproj/LaunchScreen.storyboard; sourceTree = "<group>"; };
		0F1FD3C31CA530350054D83E /* Info.plist */ = {isa = PBXFileReference; lastKnownFileType = text.plist.xml; path = Info.plist; sourceTree = "<group>"; };
		0F1FD3C81CA530350054D83E /* VisualizeDataTests.xctest */ = {isa = PBXFileReference; explicitFileType = wrapper.cfbundle; includeInIndex = 0; path = VisualizeDataTests.xctest; sourceTree = BUILT_PRODUCTS_DIR; };
		0F1FD3CC1CA530350054D83E /* VisualizeDataTests.m */ = {isa = PBXFileReference; lastKnownFileType = sourcecode.c.objc; path = VisualizeDataTests.m; sourceTree = "<group>"; };
		0F1FD3CE1CA530350054D83E /* Info.plist */ = {isa = PBXFileReference; lastKnownFileType = text.plist.xml; path = Info.plist; sourceTree = "<group>"; };
		0F1FD3D31CA530350054D83E /* VisualizeDataUITests.xctest */ = {isa = PBXFileReference; explicitFileType = wrapper.cfbundle; includeInIndex = 0; path = VisualizeDataUITests.xctest; sourceTree = BUILT_PRODUCTS_DIR; };
		0F1FD3D71CA530350054D83E /* VisualizeDataUITests.m */ = {isa = PBXFileReference; lastKnownFileType = sourcecode.c.objc; path = VisualizeDataUITests.m; sourceTree = "<group>"; };
		0F1FD3D91CA530350054D83E /* Info.plist */ = {isa = PBXFileReference; lastKnownFileType = text.plist.xml; path = Info.plist; sourceTree = "<group>"; };
		0F1FD3E51CA530700054D83E /* DataView.h */ = {isa = PBXFileReference; fileEncoding = 4; lastKnownFileType = sourcecode.c.h; path = DataView.h; sourceTree = "<group>"; };
		0F1FD3E61CA530710054D83E /* DataView.m */ = {isa = PBXFileReference; fileEncoding = 4; lastKnownFileType = sourcecode.c.objc; path = DataView.m; sourceTree = "<group>"; };
		0F1FD3E81CA53DEC0054D83E /* VisualizeDataView.h */ = {isa = PBXFileReference; fileEncoding = 4; lastKnownFileType = sourcecode.c.h; path = VisualizeDataView.h; sourceTree = "<group>"; };
		0F1FD3E91CA53DEC0054D83E /* VisualizeDataView.m */ = {isa = PBXFileReference; fileEncoding = 4; lastKnownFileType = sourcecode.c.objc; path = VisualizeDataView.m; sourceTree = "<group>"; };
		0F1FD3EF1CA53E740054D83E /* TrigonometricFunctionsPoint.h */ = {isa = PBXFileReference; fileEncoding = 4; lastKnownFileType = sourcecode.c.h; path = TrigonometricFunctionsPoint.h; sourceTree = "<group>"; };
		0F1FD3F01CA53E740054D83E /* TrigonometricFunctionsPoint.m */ = {isa = PBXFileReference; fileEncoding = 4; lastKnownFileType = sourcecode.c.objc; path = TrigonometricFunctionsPoint.m; sourceTree = "<group>"; };
		6547C25F1CA7902C008F2CAC /* rectargularView.h */ = {isa = PBXFileReference; fileEncoding = 4; lastKnownFileType = sourcecode.c.h; path = rectargularView.h; sourceTree = "<group>"; };
		6547C2601CA7902C008F2CAC /* rectargularView.m */ = {isa = PBXFileReference; fileEncoding = 4; lastKnownFileType = sourcecode.c.objc; path = rectargularView.m; sourceTree = "<group>"; };
		6547C2641CA7D6D0008F2CAC /* BrokenLineView.h */ = {isa = PBXFileReference; fileEncoding = 4; lastKnownFileType = sourcecode.c.h; path = BrokenLineView.h; sourceTree = "<group>"; };
		6547C2651CA7D6D0008F2CAC /* BrokenLineView.m */ = {isa = PBXFileReference; fileEncoding = 4; lastKnownFileType = sourcecode.c.objc; path = BrokenLineView.m; sourceTree = "<group>"; };
		65568BF31CA68465000E9F0D /* DataArea.h */ = {isa = PBXFileReference; fileEncoding = 4; lastKnownFileType = sourcecode.c.h; path = DataArea.h; sourceTree = "<group>"; };
		65568BF41CA68465000E9F0D /* DataArea.m */ = {isa = PBXFileReference; fileEncoding = 4; lastKnownFileType = sourcecode.c.objc; path = DataArea.m; sourceTree = "<group>"; };
		65568BF91CA68EC9000E9F0D /* GreenData.h */ = {isa = PBXFileReference; fileEncoding = 4; lastKnownFileType = sourcecode.c.h; path = GreenData.h; sourceTree = "<group>"; };
		65568BFA1CA68EC9000E9F0D /* GreenData.m */ = {isa = PBXFileReference; fileEncoding = 4; lastKnownFileType = sourcecode.c.objc; path = GreenData.m; sourceTree = "<group>"; };
/* End PBXFileReference section */

/* Begin PBXFrameworksBuildPhase section */
		0F1FD3AC1CA530340054D83E /* Frameworks */ = {
			isa = PBXFrameworksBuildPhase;
			buildActionMask = 2147483647;
			files = (
			);
			runOnlyForDeploymentPostprocessing = 0;
		};
		0F1FD3C51CA530350054D83E /* Frameworks */ = {
			isa = PBXFrameworksBuildPhase;
			buildActionMask = 2147483647;
			files = (
			);
			runOnlyForDeploymentPostprocessing = 0;
		};
		0F1FD3D01CA530350054D83E /* Frameworks */ = {
			isa = PBXFrameworksBuildPhase;
			buildActionMask = 2147483647;
			files = (
			);
			runOnlyForDeploymentPostprocessing = 0;
		};
/* End PBXFrameworksBuildPhase section */

/* Begin PBXGroup section */
		0F1FD3A61CA530330054D83E = {
			isa = PBXGroup;
			children = (
				0F1FD3B11CA530340054D83E /* VisualizeData */,
				0F1FD3CB1CA530350054D83E /* VisualizeDataTests */,
				0F1FD3D61CA530350054D83E /* VisualizeDataUITests */,
				0F1FD3B01CA530340054D83E /* Products */,
			);
			sourceTree = "<group>";
		};
		0F1FD3B01CA530340054D83E /* Products */ = {
			isa = PBXGroup;
			children = (
				0F1FD3AF1CA530340054D83E /* VisualizeData.app */,
				0F1FD3C81CA530350054D83E /* VisualizeDataTests.xctest */,
				0F1FD3D31CA530350054D83E /* VisualizeDataUITests.xctest */,
			);
			name = Products;
			sourceTree = "<group>";
		};
		0F1FD3B11CA530340054D83E /* VisualizeData */ = {
			isa = PBXGroup;
			children = (
				65C18E6120FDE33D006FAFC1 /* VisualizeData */,
				0F1FD3EE1CA53E1E0054D83E /* Other */,
				0F1FD3EC1CA53E050054D83E /* ViewController */,
				0F1FD3EB1CA53DF70054D83E /* View */,
				0F1FD3BB1CA530340054D83E /* Main.storyboard */,
				0F1FD3BE1CA530350054D83E /* Assets.xcassets */,
				0F1FD3C01CA530350054D83E /* LaunchScreen.storyboard */,
				0F1FD3C31CA530350054D83E /* Info.plist */,
				0F1FD3B21CA530340054D83E /* Supporting Files */,
			);
			path = VisualizeData;
			sourceTree = "<group>";
		};
		0F1FD3B21CA530340054D83E /* Supporting Files */ = {
			isa = PBXGroup;
			children = (
				0F1FD3B31CA530340054D83E /* main.m */,
			);
			name = "Supporting Files";
			sourceTree = "<group>";
		};
		0F1FD3CB1CA530350054D83E /* VisualizeDataTests */ = {
			isa = PBXGroup;
			children = (
				0F1FD3CC1CA530350054D83E /* VisualizeDataTests.m */,
				0F1FD3CE1CA530350054D83E /* Info.plist */,
			);
			path = VisualizeDataTests;
			sourceTree = "<group>";
		};
		0F1FD3D61CA530350054D83E /* VisualizeDataUITests */ = {
			isa = PBXGroup;
			children = (
				0F1FD3D71CA530350054D83E /* VisualizeDataUITests.m */,
				0F1FD3D91CA530350054D83E /* Info.plist */,
			);
			path = VisualizeDataUITests;
			sourceTree = "<group>";
		};
		0F1FD3EB1CA53DF70054D83E /* View */ = {
			isa = PBXGroup;
			children = (
			);
			name = View;
			sourceTree = "<group>";
		};
		0F1FD3EC1CA53E050054D83E /* ViewController */ = {
			isa = PBXGroup;
			children = (
				0F1FD3B81CA530340054D83E /* ViewController.h */,
				0F1FD3B91CA530340054D83E /* ViewController.m */,
			);
			name = ViewController;
			sourceTree = "<group>";
		};
		0F1FD3EE1CA53E1E0054D83E /* Other */ = {
			isa = PBXGroup;
			children = (
				0F1FD3B51CA530340054D83E /* AppDelegate.h */,
				0F1FD3B61CA530340054D83E /* AppDelegate.m */,
			);
			name = Other;
			sourceTree = "<group>";
		};
		6547C25B1CA78A17008F2CAC /* pentagon */ = {
			isa = PBXGroup;
			children = (
				65C18E6220FDE37E006FAFC1 /* pentagonModel */,
				0F1FD3E51CA530700054D83E /* DataView.h */,
				0F1FD3E61CA530710054D83E /* DataView.m */,
				0F1FD3E81CA53DEC0054D83E /* VisualizeDataView.h */,
				0F1FD3E91CA53DEC0054D83E /* VisualizeDataView.m */,
				65568BF91CA68EC9000E9F0D /* GreenData.h */,
				65568BFA1CA68EC9000E9F0D /* GreenData.m */,
			);
			name = pentagon;
			sourceTree = "<group>";
		};
		6547C25D1CA78DFA008F2CAC /* rectargular */ = {
			isa = PBXGroup;
			children = (
				6547C25F1CA7902C008F2CAC /* rectargularView.h */,
				6547C2601CA7902C008F2CAC /* rectargularView.m */,
			);
			name = rectargular;
			sourceTree = "<group>";
		};
		6547C2621CA7D68F008F2CAC /* BrokenLine */ = {
			isa = PBXGroup;
			children = (
				6547C2641CA7D6D0008F2CAC /* BrokenLineView.h */,
				6547C2651CA7D6D0008F2CAC /* BrokenLineView.m */,
			);
			name = BrokenLine;
			sourceTree = "<group>";
		};
		65C18E6120FDE33D006FAFC1 /* VisualizeData */ = {
			isa = PBXGroup;
			children = (
				6547C2621CA7D68F008F2CAC /* BrokenLine */,
				6547C25D1CA78DFA008F2CAC /* rectargular */,
				6547C25B1CA78A17008F2CAC /* pentagon */,
			);
			name = VisualizeData;
			sourceTree = "<group>";
		};
		65C18E6220FDE37E006FAFC1 /* pentagonModel */ = {
			isa = PBXGroup;
			children = (
				0F1FD3EF1CA53E740054D83E /* TrigonometricFunctionsPoint.h */,
				0F1FD3F01CA53E740054D83E /* TrigonometricFunctionsPoint.m */,
				65568BF31CA68465000E9F0D /* DataArea.h */,
				65568BF41CA68465000E9F0D /* DataArea.m */,
			);
			name = pentagonModel;
			sourceTree = "<group>";
		};
/* End PBXGroup section */

/* Begin PBXNativeTarget section */
		0F1FD3AE1CA530340054D83E /* VisualizeData */ = {
			isa = PBXNativeTarget;
			buildConfigurationList = 0F1FD3DC1CA530350054D83E /* Build configuration list for PBXNativeTarget "VisualizeData" */;
			buildPhases = (
				0F1FD3AB1CA530340054D83E /* Sources */,
				0F1FD3AC1CA530340054D83E /* Frameworks */,
				0F1FD3AD1CA530340054D83E /* Resources */,
			);
			buildRules = (
			);
			dependencies = (
			);
			name = VisualizeData;
			productName = VisualizeData;
			productReference = 0F1FD3AF1CA530340054D83E /* VisualizeData.app */;
			productType = "com.apple.product-type.application";
		};
		0F1FD3C71CA530350054D83E /* VisualizeDataTests */ = {
			isa = PBXNativeTarget;
			buildConfigurationList = 0F1FD3DF1CA530350054D83E /* Build configuration list for PBXNativeTarget "VisualizeDataTests" */;
			buildPhases = (
				0F1FD3C41CA530350054D83E /* Sources */,
				0F1FD3C51CA530350054D83E /* Frameworks */,
				0F1FD3C61CA530350054D83E /* Resources */,
			);
			buildRules = (
			);
			dependencies = (
				0F1FD3CA1CA530350054D83E /* PBXTargetDependency */,
			);
			name = VisualizeDataTests;
			productName = VisualizeDataTests;
			productReference = 0F1FD3C81CA530350054D83E /* VisualizeDataTests.xctest */;
			productType = "com.apple.product-type.bundle.unit-test";
		};
		0F1FD3D21CA530350054D83E /* VisualizeDataUITests */ = {
			isa = PBXNativeTarget;
			buildConfigurationList = 0F1FD3E21CA530350054D83E /* Build configuration list for PBXNativeTarget "VisualizeDataUITests" */;
			buildPhases = (
				0F1FD3CF1CA530350054D83E /* Sources */,
				0F1FD3D01CA530350054D83E /* Frameworks */,
				0F1FD3D11CA530350054D83E /* Resources */,
			);
			buildRules = (
			);
			dependencies = (
				0F1FD3D51CA530350054D83E /* PBXTargetDependency */,
			);
			name = VisualizeDataUITests;
			productName = VisualizeDataUITests;
			productReference = 0F1FD3D31CA530350054D83E /* VisualizeDataUITests.xctest */;
			productType = "com.apple.product-type.bundle.ui-testing";
		};
/* End PBXNativeTarget section */

/* Begin PBXProject section */
		0F1FD3A71CA530340054D83E /* Project object */ = {
			isa = PBXProject;
			attributes = {
				LastUpgradeCheck = 0710;
				ORGANIZATIONNAME = aishuo;
				TargetAttributes = {
					0F1FD3AE1CA530340054D83E = {
						CreatedOnToolsVersion = 7.1;
						DevelopmentTeam = P35S4B7K46;
					};
					0F1FD3C71CA530350054D83E = {
						CreatedOnToolsVersion = 7.1;
						TestTargetID = 0F1FD3AE1CA530340054D83E;
					};
					0F1FD3D21CA530350054D83E = {
						CreatedOnToolsVersion = 7.1;
						TestTargetID = 0F1FD3AE1CA530340054D83E;
					};
				};
			};
			buildConfigurationList = 0F1FD3AA1CA530340054D83E /* Build configuration list for PBXProject "VisualizeData" */;
			compatibilityVersion = "Xcode 3.2";
			developmentRegion = English;
			hasScannedForEncodings = 0;
			knownRegions = (
				en,
				Base,
			);
			mainGroup = 0F1FD3A61CA530330054D83E;
			productRefGroup = 0F1FD3B01CA530340054D83E /* Products */;
			projectDirPath = "";
			projectRoot = "";
			targets = (
				0F1FD3AE1CA530340054D83E /* VisualizeData */,
				0F1FD3C71CA530350054D83E /* VisualizeDataTests */,
				0F1FD3D21CA530350054D83E /* VisualizeDataUITests */,
			);
		};
/* End PBXProject section */

/* Begin PBXResourcesBuildPhase section */
		0F1FD3AD1CA530340054D83E /* Resources */ = {
			isa = PBXResourcesBuildPhase;
			buildActionMask = 2147483647;
			files = (
				0F1FD3C21CA530350054D83E /* LaunchScreen.storyboard in Resources */,
				0F1FD3BF1CA530350054D83E /* Assets.xcassets in Resources */,
				0F1FD3BD1CA530340054D83E /* Main.storyboard in Resources */,
			);
			runOnlyForDeploymentPostprocessing = 0;
		};
		0F1FD3C61CA530350054D83E /* Resources */ = {
			isa = PBXResourcesBuildPhase;
			buildActionMask = 2147483647;
			files = (
			);
			runOnlyForDeploymentPostprocessing = 0;
		};
		0F1FD3D11CA530350054D83E /* Resources */ = {
			isa = PBXResourcesBuildPhase;
			buildActionMask = 2147483647;
			files = (
			);
			runOnlyForDeploymentPostprocessing = 0;
		};
/* End PBXResourcesBuildPhase section */

/* Begin PBXSourcesBuildPhase section */
		0F1FD3AB1CA530340054D83E /* Sources */ = {
			isa = PBXSourcesBuildPhase;
			buildActionMask = 2147483647;
			files = (
				0F1FD3BA1CA530340054D83E /* ViewController.m in Sources */,
				0F1FD3B71CA530340054D83E /* AppDelegate.m in Sources */,
				65568BFB1CA68EC9000E9F0D /* GreenData.m in Sources */,
				6547C2611CA7902C008F2CAC /* rectargularView.m in Sources */,
				0F1FD3EA1CA53DEC0054D83E /* VisualizeDataView.m in Sources */,
				0F1FD3E71CA530710054D83E /* DataView.m in Sources */,
				65568BF51CA68465000E9F0D /* DataArea.m in Sources */,
				0F1FD3B41CA530340054D83E /* main.m in Sources */,
				0F1FD3F11CA53E740054D83E /* TrigonometricFunctionsPoint.m in Sources */,
				6547C2661CA7D6D0008F2CAC /* BrokenLineView.m in Sources */,
			);
			runOnlyForDeploymentPostprocessing = 0;
		};
		0F1FD3C41CA530350054D83E /* Sources */ = {
			isa = PBXSourcesBuildPhase;
			buildActionMask = 2147483647;
			files = (
				0F1FD3CD1CA530350054D83E /* VisualizeDataTests.m in Sources */,
			);
			runOnlyForDeploymentPostprocessing = 0;
		};
		0F1FD3CF1CA530350054D83E /* Sources */ = {
			isa = PBXSourcesBuildPhase;
			buildActionMask = 2147483647;
			files = (
				0F1FD3D81CA530350054D83E /* VisualizeDataUITests.m in Sources */,
			);
			runOnlyForDeploymentPostprocessing = 0;
		};
/* End PBXSourcesBuildPhase section */

/* Begin PBXTargetDependency section */
		0F1FD3CA1CA530350054D83E /* PBXTargetDependency */ = {
			isa = PBXTargetDependency;
			target = 0F1FD3AE1CA530340054D83E /* VisualizeData */;
			targetProxy = 0F1FD3C91CA530350054D83E /* PBXContainerItemProxy */;
		};
		0F1FD3D51CA530350054D83E /* PBXTargetDependency */ = {
			isa = PBXTargetDependency;
			target = 0F1FD3AE1CA530340054D83E /* VisualizeData */;
			targetProxy = 0F1FD3D41CA530350054D83E /* PBXContainerItemProxy */;
		};
/* End PBXTargetDependency section */

/* Begin PBXVariantGroup section */
		0F1FD3BB1CA530340054D83E /* Main.storyboard */ = {
			isa = PBXVariantGroup;
			children = (
				0F1FD3BC1CA530340054D83E /* Base */,
			);
			name = Main.storyboard;
			sourceTree = "<group>";
		};
		0F1FD3C01CA530350054D83E /* LaunchScreen.storyboard */ = {
			isa = PBXVariantGroup;
			children = (
				0F1FD3C11CA530350054D83E /* Base */,
			);
			name = LaunchScreen.storyboard;
			sourceTree = "<group>";
		};
/* End PBXVariantGroup section */

/* Begin XCBuildConfiguration section */
		0F1FD3DA1CA530350054D83E /* Debug */ = {
			isa = XCBuildConfiguration;
			buildSettings = {
				ALWAYS_SEARCH_USER_PATHS = NO;
				CLANG_CXX_LANGUAGE_STANDARD = "gnu++0x";
				CLANG_CXX_LIBRARY = "libc++";
				CLANG_ENABLE_MODULES = YES;
				CLANG_ENABLE_OBJC_ARC = YES;
				CLANG_WARN_BOOL_CONVERSION = YES;
				CLANG_WARN_CONSTANT_CONVERSION = YES;
				CLANG_WARN_DIRECT_OBJC_ISA_USAGE = YES_ERROR;
				CLANG_WARN_EMPTY_BODY = YES;
				CLANG_WARN_ENUM_CONVERSION = YES;
				CLANG_WARN_INT_CONVERSION = YES;
				CLANG_WARN_OBJC_ROOT_CLASS = YES_ERROR;
				CLANG_WARN_UNREACHABLE_CODE = YES;
				CLANG_WARN__DUPLICATE_METHOD_MATCH = YES;
				"CODE_SIGN_IDENTITY[sdk=iphoneos*]" = "iPhone Developer";
				COPY_PHASE_STRIP = NO;
				DEBUG_INFORMATION_FORMAT = dwarf;
				ENABLE_STRICT_OBJC_MSGSEND = YES;
				ENABLE_TESTABILITY = YES;
				GCC_C_LANGUAGE_STANDARD = gnu99;
				GCC_DYNAMIC_NO_PIC = NO;
				GCC_NO_COMMON_BLOCKS = YES;
				GCC_OPTIMIZATION_LEVEL = 0;
				GCC_PREPROCESSOR_DEFINITIONS = (
					"DEBUG=1",
					"$(inherited)",
				);
				GCC_WARN_64_TO_32_BIT_CONVERSION = YES;
				GCC_WARN_ABOUT_RETURN_TYPE = YES_ERROR;
				GCC_WARN_UNDECLARED_SELECTOR = YES;
				GCC_WARN_UNINITIALIZED_AUTOS = YES_AGGRESSIVE;
				GCC_WARN_UNUSED_FUNCTION = YES;
				GCC_WARN_UNUSED_VARIABLE = YES;
				IPHONEOS_DEPLOYMENT_TARGET = 9.1;
				MTL_ENABLE_DEBUG_INFO = YES;
				ONLY_ACTIVE_ARCH = YES;
				SDKROOT = iphoneos;
				TARGETED_DEVICE_FAMILY = "1,2";
			};
			name = Debug;
		};
		0F1FD3DB1CA530350054D83E /* Release */ = {
			isa = XCBuildConfiguration;
			buildSettings = {
				ALWAYS_SEARCH_USER_PATHS = NO;
				CLANG_CXX_LANGUAGE_STANDARD = "gnu++0x";
				CLANG_CXX_LIBRARY = "libc++";
				CLANG_ENABLE_MODULES = YES;
				CLANG_ENABLE_OBJC_ARC = YES;
				CLANG_WARN_BOOL_CONVERSION = YES;
				CLANG_WARN_CONSTANT_CONVERSION = YES;
				CLANG_WARN_DIRECT_OBJC_ISA_USAGE = YES_ERROR;
				CLANG_WARN_EMPTY_BODY = YES;
				CLANG_WARN_ENUM_CONVERSION = YES;
				CLANG_WARN_INT_CONVERSION = YES;
				CLANG_WARN_OBJC_ROOT_CLASS = YES_ERROR;
				CLANG_WARN_UNREACHABLE_CODE = YES;
				CLANG_WARN__DUPLICATE_METHOD_MATCH = YES;
				"CODE_SIGN_IDENTITY[sdk=iphoneos*]" = "iPhone Developer";
				COPY_PHASE_STRIP = NO;
				DEBUG_INFORMATION_FORMAT = "dwarf-with-dsym";
				ENABLE_NS_ASSERTIONS = NO;
				ENABLE_STRICT_OBJC_MSGSEND = YES;
				GCC_C_LANGUAGE_STANDARD = gnu99;
				GCC_NO_COMMON_BLOCKS = YES;
				GCC_WARN_64_TO_32_BIT_CONVERSION = YES;
				GCC_WARN_ABOUT_RETURN_TYPE = YES_ERROR;
				GCC_WARN_UNDECLARED_SELECTOR = YES;
				GCC_WARN_UNINITIALIZED_AUTOS = YES_AGGRESSIVE;
				GCC_WARN_UNUSED_FUNCTION = YES;
				GCC_WARN_UNUSED_VARIABLE = YES;
				IPHONEOS_DEPLOYMENT_TARGET = 9.1;
				MTL_ENABLE_DEBUG_INFO = NO;
				SDKROOT = iphoneos;
				TARGETED_DEVICE_FAMILY = "1,2";
				VALIDATE_PRODUCT = YES;
			};
			name = Release;
		};
		0F1FD3DD1CA530350054D83E /* Debug */ = {
			isa = XCBuildConfiguration;
			buildSettings = {
				ASSETCATALOG_COMPILER_APPICON_NAME = AppIcon;
				CODE_SIGN_IDENTITY = "iPhone Developer";
				"CODE_SIGN_IDENTITY[sdk=iphoneos*]" = "iPhone Developer";
				INFOPLIST_FILE = VisualizeData/Info.plist;
				LD_RUNPATH_SEARCH_PATHS = "$(inherited) @executable_path/Frameworks";
				PRODUCT_BUNDLE_IDENTIFIER = allapp.VisualizeData;
				PRODUCT_NAME = "$(TARGET_NAME)";
				PROVISIONING_PROFILE = "";
			};
			name = Debug;
		};
		0F1FD3DE1CA530350054D83E /* Release */ = {
			isa = XCBuildConfiguration;
			buildSettings = {
				ASSETCATALOG_COMPILER_APPICON_NAME = AppIcon;
				CODE_SIGN_IDENTITY = "iPhone Developer";
				"CODE_SIGN_IDENTITY[sdk=iphoneos*]" = "iPhone Developer";
				INFOPLIST_FILE = VisualizeData/Info.plist;
				LD_RUNPATH_SEARCH_PATHS = "$(inherited) @executable_path/Frameworks";
				PRODUCT_BUNDLE_IDENTIFIER = allapp.VisualizeData;
				PRODUCT_NAME = "$(TARGET_NAME)";
				PROVISIONING_PROFILE = "";
			};
			name = Release;
		};
		0F1FD3E01CA530350054D83E /* Debug */ = {
			isa = XCBuildConfiguration;
			buildSettings = {
				BUNDLE_LOADER = "$(TEST_HOST)";
				INFOPLIST_FILE = VisualizeDataTests/Info.plist;
				LD_RUNPATH_SEARCH_PATHS = "$(inherited) @executable_path/Frameworks @loader_path/Frameworks";
				PRODUCT_BUNDLE_IDENTIFIER = com.allapp.VisualizeDataTests;
				PRODUCT_NAME = "$(TARGET_NAME)";
				TEST_HOST = "$(BUILT_PRODUCTS_DIR)/VisualizeData.app/VisualizeData";
			};
			name = Debug;
		};
		0F1FD3E11CA530350054D83E /* Release */ = {
			isa = XCBuildConfiguration;
			buildSettings = {
				BUNDLE_LOADER = "$(TEST_HOST)";
				INFOPLIST_FILE = VisualizeDataTests/Info.plist;
				LD_RUNPATH_SEARCH_PATHS = "$(inherited) @executable_path/Frameworks @loader_path/Frameworks";
				PRODUCT_BUNDLE_IDENTIFIER = com.allapp.VisualizeDataTests;
				PRODUCT_NAME = "$(TARGET_NAME)";
				TEST_HOST = "$(BUILT_PRODUCTS_DIR)/VisualizeData.app/VisualizeData";
			};
			name = Release;
		};
		0F1FD3E31CA530350054D83E /* Debug */ = {
			isa = XCBuildConfiguration;
			buildSettings = {
				INFOPLIST_FILE = VisualizeDataUITests/Info.plist;
				LD_RUNPATH_SEARCH_PATHS = "$(inherited) @executable_path/Frameworks @loader_path/Frameworks";
				PRODUCT_BUNDLE_IDENTIFIER = com.allapp.VisualizeDataUITests;
				PRODUCT_NAME = "$(TARGET_NAME)";
				TEST_TARGET_NAME = VisualizeData;
				USES_XCTRUNNER = YES;
			};
			name = Debug;
		};
		0F1FD3E41CA530350054D83E /* Release */ = {
			isa = XCBuildConfiguration;
			buildSettings = {
				INFOPLIST_FILE = VisualizeDataUITests/Info.plist;
				LD_RUNPATH_SEARCH_PATHS = "$(inherited) @executable_path/Frameworks @loader_path/Frameworks";
				PRODUCT_BUNDLE_IDENTIFIER = com.allapp.VisualizeDataUITests;
				PRODUCT_NAME = "$(TARGET_NAME)";
				TEST_TARGET_NAME = VisualizeData;
				USES_XCTRUNNER = YES;
			};
			name = Release;
		};
/* End XCBuildConfiguration section */

/* Begin XCConfigurationList section */
		0F1FD3AA1CA530340054D83E /* Build configuration list for PBXProject "VisualizeData" */ = {
			isa = XCConfigurationList;
			buildConfigurations = (
				0F1FD3DA1CA530350054D83E /* Debug */,
				0F1FD3DB1CA530350054D83E /* Release */,
			);
			defaultConfigurationIsVisible = 0;
			defaultConfigurationName = Release;
		};
		0F1FD3DC1CA530350054D83E /* Build configuration list for PBXNativeTarget "VisualizeData" */ = {
			isa = XCConfigurationList;
			buildConfigurations = (
				0F1FD3DD1CA530350054D83E /* Debug */,
				0F1FD3DE1CA530350054D83E /* Release */,
			);
			defaultConfigurationIsVisible = 0;
			defaultConfigurationName = Release;
		};
		0F1FD3DF1CA530350054D83E /* Build configuration list for PBXNativeTarget "VisualizeDataTests" */ = {
			isa = XCConfigurationList;
			buildConfigurations = (
				0F1FD3E01CA530350054D83E /* Debug */,
				0F1FD3E11CA530350054D83E /* Release */,
			);
			defaultConfigurationIsVisible = 0;
			defaultConfigurationName = Release;
		};
		0F1FD3E21CA530350054D83E /* Build configuration list for PBXNativeTarget "VisualizeDataUITests" */ = {
			isa = XCConfigurationList;
			buildConfigurations = (
				0F1FD3E31CA530350054D83E /* Debug */,
				0F1FD3E41CA530350054D83E /* Release */,
			);
			defaultConfigurationIsVisible = 0;
			defaultConfigurationName = Release;
		};
/* End XCConfigurationList section */
	};
	rootObject = 0F1FD3A71CA530340054D83E /* Project object */;
}
